Shougo/context_filetype.vim (9ed76080795ef76f52b8c9ae4432df7cd81abc5a at master)
chrisbra/csv.vim (eddfe4d553d2d25ffcf294e225717ddf9ae4c357 at master)
fatih/vim-go (v1.17)
godlygeek/tabular (1.0.0)
kana/vim-operator-user (0.1.0)
tpope/vim-eunuch (v1.1)
tpope/vim-fugitive (v2.3)
tpope/vim-unimpaired (v1.2)
tyru/caw.vim (v1.0)
vim-scripts/groovyindent-unix (0.1)
