Shougo/context_filetype.vim (9ed76080795ef76f52b8c9ae4432df7cd81abc5a at master)
Shougo/deoplete.nvim (7a62927dc5f1ab7a944915d89c9b19814f7d21a4 at master)
SirVer/ultisnips (6fdc3647f72e0a1f321ea6bd092ecd01f7c187ba at master)
UzxMx/Match-Bracket-for-Objective-C (29307a1e04e557cbf07fb2c2b5fe2f07bad7e922 at master)
UzxMx/vim-projectionist (9b473583fadf6d52e8e4458237f60da816d5b582 at master)
UzxMx/vim-rails (63132bf88cfb52bc21d992fb3032052f1c79ac67 at master)
UzxMx/vim-surround (3aeb0119ec16a7d336fb7266cddd390d4826a681 at master)
Yggdroot/indentLine (81096235522e2aa49c2059e8e02e8d6f359c1d34 at master)
ahw/vim-pbcopy (184d233ef2b43601456e5685b87c8c5fb8e621d9 at master)
airblade/vim-gitgutter (0597380f6b22f43a3ea6ff8364d5c239bb2504ea at master)
altercation/vim-colors-solarized (528a59f26d12278698bb946f8fb82a63711eec21 at master)
alvan/vim-closetag (8c71d524d98be4f3c6c1e4ff6ddf6b9f422220bb at master)
chiel92/vim-autoformat (4b65df24442c94c87d13eb5d337c0f2caa7f0a25 at master)
chrisbra/csv.vim (eddfe4d553d2d25ffcf294e225717ddf9ae4c357 at master)
christoomey/vim-tmux-navigator (7eb75a10e3ab0504673a0e7eb32af6e5521b80ec at master)
ctrlpvim/ctrlp.vim (ebc568c3992d9002d1d35b85737dfa0d9ce70d9f at master)
dyng/ctrlsf.vim (c276f285fa5dd02334d84e638fede0fad01646d1 at master)
easymotion/vim-easymotion (1a0244c90c3ff46219cf9597bb13662be4232407 at master)
editorconfig/editorconfig-vim (736451ae203c5e3bcce39f1be11d68009b783d82 at master)
elzr/vim-json (3727f089410e23ae113be6222e8a08dd2613ecf2 at master)
ervandew/supertab (40fe711e088e2ab346738233dd5adbb1be355172 at master)
fatih/vim-go (v1.17)
fidian/hexmode (06b7b17578df26d853afe17f38e0e711a8fb094c at master)
godlygeek/tabular (1.0.0)
henrik/vim-indexed-search (7c20bef9e2bcb8d7ad09963abfced378dbd6f2e9 at master)
honza/vim-snippets (936ac51771170876ae126a5b59b0205705c1d500 at master)
jacoborus/tender.vim (6b0497a59233b3e67fb528a498069eb1d24743f9 at master)
jgdavey/tslime.vim (28e9eba642a791c6a6b044433dce8e5451b26fb0 at master)
jiangmiao/auto-pairs (9086ce897a616d78baf69ddb07ad557c5ceb1d7c at master)
junegunn/vim-easy-align (2.10.0)
kana/vim-operator-user (0.1.0)
kana/vim-vspec (1.9.0)
keith/swift.vim (5e330f026d4184c917cc156410634551dbd9a944 at master)
kshenoy/vim-signature (6bc3dd1294a22e897f0dcf8dd72b85f350e306bc at master)
majutsushi/tagbar (387bbadda98e1376ff3871aa461b1f0abd4ece70 at master)
mattn/emmet-vim (7492853a592c7aa0dba56bcd31fe751f298143dc at master)
mileszs/ack.vim (36e40f9ec91bdbf6f1adf408522a73a6925c3042 at master)
mkitt/tabline.vim (69c9698a3240860adaba93615f44778a9ab724b4 at master)
pbrisbin/vim-mkdir (549dcb4b6802c213fd7c4f0b4d76022c9875b786 at master)
posva/vim-vue (720ca48e0207f2aca331b9d949ce9d4ff5702737 at master)
robbles/logstash.vim (1d734e2ca64cd19e4217896be95ffef5b695e5ac at master)
roxma/nvim-yarp (5443ac06b3989baa9262adec810503e0234c316e at master)
roxma/vim-hug-neovim-rpc (a8cdb6b627da3a9c4b8ea85a329112484a857cf1 at master)
scrooloose/nerdtree (f98078d3ae6d356fcc58a4fc8840eb55b1ea522e at master)
slim-template/vim-slim (6673e404370e6f3d44be342cf03ea8c26ab02c66 at master)
szw/vim-tags (e75dea76e488d9208ed73c53c46a4abee2695115 at master)
thoughtbot/vim-rspec (52a72592b6128f4ef1557bc6e2e3eb014d8b2d38 at master)
tpope/vim-abolish (56a76a8c10ca91f3e8f0a2cd9afa2be32d262e24 at master)
tpope/vim-bundler (a9966117fea4595f320a80163cc4adf2e2bc0e30 at master)
tpope/vim-dispatch (ab7470d4b03bae9880bf2b5cef60fc0fb51b1101 at master)
tpope/vim-endwise (f41ebc27b7042760c7812da9f33d5167b33a874e at master)
tpope/vim-eunuch (v1.1)
tpope/vim-fugitive (v2.3)
tpope/vim-rake (3beb1504493931da4405a1aac5f2f42b1e9ee554 at master)
tpope/vim-repeat (43d2678fa59d068c815d8298331c195e850ff5a7 at master)
tpope/vim-rsi (24dfc44639166f910ef9e3ca3902e02df77a342a at master)
tpope/vim-scriptease (2619a1f5f63b670578ed0a504a6f844807804436 at master)
tpope/vim-sensible (v1.2)
tpope/vim-tbone (8bc7348f658c32bea57365aa6acf3a7dde12e737 at master)
tpope/vim-unimpaired (d6325994b3c16ce36fd494c47dae4dab8d21a3da at master)
tyok/nerdtree-ack (52c6c52446e539624483688b06654d33a425b8ec at master)
tyru/caw.vim (v1.0)
vim-airline/vim-airline (08e9aa5386eecfd6a6cbde1eff240619cd81beed at master)
vim-ruby/vim-ruby (a85f078d06ed11faf1b243315d67b6f37326686d at master)
vim-scripts/groovyindent-unix (0.1)
w0rp/ale (2000436dfd7a25a8e9f66788c94bfb4512adda98 at master)
