Shougo/context_filetype.vim (9ed76080795ef76f52b8c9ae4432df7cd81abc5a at master)
chrisbra/csv.vim (eddfe4d553d2d25ffcf294e225717ddf9ae4c357 at master)
elzr/vim-json (3727f089410e23ae113be6222e8a08dd2613ecf2 at master)
fatih/vim-go (v1.17)
godlygeek/tabular (1.0.0)
henrik/vim-indexed-search (7c20bef9e2bcb8d7ad09963abfced378dbd6f2e9 at master)
kana/vim-operator-user (0.1.0)
kshenoy/vim-signature (6bc3dd1294a22e897f0dcf8dd72b85f350e306bc at master)
robbles/logstash.vim (1d734e2ca64cd19e4217896be95ffef5b695e5ac at master)
tpope/vim-eunuch (v1.1)
tpope/vim-fugitive (v2.3)
tpope/vim-scriptease (2619a1f5f63b670578ed0a504a6f844807804436 at master)
tpope/vim-sensible (v1.2)
tpope/vim-unimpaired (v1.2)
tyru/caw.vim (v1.0)
uzxmx/vim-rails (63132bf88cfb52bc21d992fb3032052f1c79ac67 at master)
vim-scripts/groovyindent-unix (0.1)
